
Microsoft Visual Studio Solution File, Format Version 12.00
# Visual Studio Version 17
VisualStudioVersion = 17.6.33829.357
MinimumVisualStudioVersion = 10.0.40219.1
Project("{8BC9CEB8-8B4A-11D0-8D11-00A0C91BC942}") = "hw3", "hw3\hw3.vcxproj", "{5A3D1763-3A4D-4AC4-8400-291BD0B9D192}"
EndProject
Global
	GlobalSection(SolutionConfigurationPlatforms) = preSolution
		Debug|x64 = Debug|x64
		Debug|x86 = Debug|x86
		Release|x64 = Release|x64
		Release|x86 = Release|x86
	EndGlobalSection
	GlobalSection(ProjectConfigurationPlatforms) = postSolution
		{5A3D1763-3A4D-4AC4-8400-291BD0B9D192}.Debug|x64.ActiveCfg = Debug|x64
		{5A3D1763-3A4D-4AC4-8400-291BD0B9D192}.Debug|x64.Build.0 = Debug|x64
		{5A3D1763-3A4D-4AC4-8400-291BD0B9D192}.Debug|x86.ActiveCfg = Debug|Win32
		{5A3D1763-3A4D-4AC4-8400-291BD0B9D192}.Debug|x86.Build.0 = Debug|Win32
		{5A3D1763-3A4D-4AC4-8400-291BD0B9D192}.Release|x64.ActiveCfg = Release|x64
		{5A3D1763-3A4D-4AC4-8400-291BD0B9D192}.Release|x64.Build.0 = Release|x64
		{5A3D1763-3A4D-4AC4-8400-291BD0B9D192}.Release|x86.ActiveCfg = Release|Win32
		{5A3D1763-3A4D-4AC4-8400-291BD0B9D192}.Release|x86.Build.0 = Release|Win32
	EndGlobalSection
	GlobalSection(SolutionProperties) = preSolution
		HideSolutionNode = FALSE
	EndGlobalSection
	GlobalSection(ExtensibilityGlobals) = postSolution
		SolutionGuid = {15765F0D-4686-4F1C-8914-DBADA7771DFC}
	EndGlobalSection
EndGlobal
