
Microsoft Visual Studio Solution File, Format Version 12.00
# Visual Studio Version 16
VisualStudioVersion = 16.0.32901.84
MinimumVisualStudioVersion = 10.0.40219.1
Project("{8BC9CEB8-8B4A-11D0-8D11-00A0C91BC942}") = "Project2", "Project2.vcxproj", "{E337DF4C-63AE-4198-9AFD-DC7BC72E37A2}"
EndProject
Global
	GlobalSection(SolutionConfigurationPlatforms) = preSolution
		Debug|x64 = Debug|x64
		Debug|x86 = Debug|x86
		Release|x64 = Release|x64
		Release|x86 = Release|x86
	EndGlobalSection
	GlobalSection(ProjectConfigurationPlatforms) = postSolution
		{E337DF4C-63AE-4198-9AFD-DC7BC72E37A2}.Debug|x64.ActiveCfg = Debug|x64
		{E337DF4C-63AE-4198-9AFD-DC7BC72E37A2}.Debug|x64.Build.0 = Debug|x64
		{E337DF4C-63AE-4198-9AFD-DC7BC72E37A2}.Debug|x86.ActiveCfg = Debug|Win32
		{E337DF4C-63AE-4198-9AFD-DC7BC72E37A2}.Debug|x86.Build.0 = Debug|Win32
		{E337DF4C-63AE-4198-9AFD-DC7BC72E37A2}.Release|x64.ActiveCfg = Release|x64
		{E337DF4C-63AE-4198-9AFD-DC7BC72E37A2}.Release|x64.Build.0 = Release|x64
		{E337DF4C-63AE-4198-9AFD-DC7BC72E37A2}.Release|x86.ActiveCfg = Release|Win32
		{E337DF4C-63AE-4198-9AFD-DC7BC72E37A2}.Release|x86.Build.0 = Release|Win32
	EndGlobalSection
	GlobalSection(SolutionProperties) = preSolution
		HideSolutionNode = FALSE
	EndGlobalSection
	GlobalSection(ExtensibilityGlobals) = postSolution
		SolutionGuid = {F9284B5F-94DB-4D05-8CB5-1149B2B047F6}
	EndGlobalSection
EndGlobal
