
Microsoft Visual Studio Solution File, Format Version 12.00
# Visual Studio Version 17
VisualStudioVersion = 17.5.33414.496
MinimumVisualStudioVersion = 10.0.40219.1
Project("{8BC9CEB8-8B4A-11D0-8D11-00A0C91BC942}") = "project02", "project02.vcxproj", "{FBC7A6F2-72C8-4B7A-A76B-0EA5C616BB04}"
EndProject
Global
	GlobalSection(SolutionConfigurationPlatforms) = preSolution
		Debug|x64 = Debug|x64
		Debug|x86 = Debug|x86
		Release|x64 = Release|x64
		Release|x86 = Release|x86
	EndGlobalSection
	GlobalSection(ProjectConfigurationPlatforms) = postSolution
		{FBC7A6F2-72C8-4B7A-A76B-0EA5C616BB04}.Debug|x64.ActiveCfg = Debug|x64
		{FBC7A6F2-72C8-4B7A-A76B-0EA5C616BB04}.Debug|x64.Build.0 = Debug|x64
		{FBC7A6F2-72C8-4B7A-A76B-0EA5C616BB04}.Debug|x86.ActiveCfg = Debug|Win32
		{FBC7A6F2-72C8-4B7A-A76B-0EA5C616BB04}.Debug|x86.Build.0 = Debug|Win32
		{FBC7A6F2-72C8-4B7A-A76B-0EA5C616BB04}.Release|x64.ActiveCfg = Release|x64
		{FBC7A6F2-72C8-4B7A-A76B-0EA5C616BB04}.Release|x64.Build.0 = Release|x64
		{FBC7A6F2-72C8-4B7A-A76B-0EA5C616BB04}.Release|x86.ActiveCfg = Release|Win32
		{FBC7A6F2-72C8-4B7A-A76B-0EA5C616BB04}.Release|x86.Build.0 = Release|Win32
	EndGlobalSection
	GlobalSection(SolutionProperties) = preSolution
		HideSolutionNode = FALSE
	EndGlobalSection
	GlobalSection(ExtensibilityGlobals) = postSolution
		SolutionGuid = {138C0D50-09FF-439A-96D2-0D1CAF816B22}
	EndGlobalSection
EndGlobal
