
Microsoft Visual Studio Solution File, Format Version 12.00
# Visual Studio 15
Project("{FAE04EC0-301F-11D3-BF4B-00C04F79EFBC}") = "Assembly-CSharp", "Assembly-CSharp.csproj", "{6E0C5DCE-DDAC-CA2C-034F-45292D3E70AC}"
EndProject
Project("{FAE04EC0-301F-11D3-BF4B-00C04F79EFBC}") = "Assembly-CSharp-Editor", "Assembly-CSharp-Editor.csproj", "{27E5BD08-2772-72C4-3E93-D40ED13319C8}"
EndProject
Global
	GlobalSection(SolutionConfigurationPlatforms) = preSolution
		Debug|Any CPU = Debug|Any CPU
		Release|Any CPU = Release|Any CPU
	EndGlobalSection
	GlobalSection(ProjectConfigurationPlatforms) = postSolution
		{6E0C5DCE-DDAC-CA2C-034F-45292D3E70AC}.Debug|Any CPU.ActiveCfg = Debug|Any CPU
		{6E0C5DCE-DDAC-CA2C-034F-45292D3E70AC}.Debug|Any CPU.Build.0 = Debug|Any CPU
		{6E0C5DCE-DDAC-CA2C-034F-45292D3E70AC}.Release|Any CPU.ActiveCfg = Release|Any CPU
		{6E0C5DCE-DDAC-CA2C-034F-45292D3E70AC}.Release|Any CPU.Build.0 = Release|Any CPU
		{27E5BD08-2772-72C4-3E93-D40ED13319C8}.Debug|Any CPU.ActiveCfg = Debug|Any CPU
		{27E5BD08-2772-72C4-3E93-D40ED13319C8}.Debug|Any CPU.Build.0 = Debug|Any CPU
		{27E5BD08-2772-72C4-3E93-D40ED13319C8}.Release|Any CPU.ActiveCfg = Release|Any CPU
		{27E5BD08-2772-72C4-3E93-D40ED13319C8}.Release|Any CPU.Build.0 = Release|Any CPU
	EndGlobalSection
	GlobalSection(SolutionProperties) = preSolution
		HideSolutionNode = FALSE
	EndGlobalSection
EndGlobal
