
Microsoft Visual Studio Solution File, Format Version 12.00
# Visual Studio Version 17
VisualStudioVersion = 17.8.34309.116
MinimumVisualStudioVersion = 10.0.40219.1
Project("{8BC9CEB8-8B4A-11D0-8D11-00A0C91BC942}") = "hw3", "hw3\hw3.vcxproj", "{477C9646-7E0E-485B-A213-BB865B5C0728}"
EndProject
Global
	GlobalSection(SolutionConfigurationPlatforms) = preSolution
		Debug|x64 = Debug|x64
		Debug|x86 = Debug|x86
		Release|x64 = Release|x64
		Release|x86 = Release|x86
	EndGlobalSection
	GlobalSection(ProjectConfigurationPlatforms) = postSolution
		{477C9646-7E0E-485B-A213-BB865B5C0728}.Debug|x64.ActiveCfg = Debug|x64
		{477C9646-7E0E-485B-A213-BB865B5C0728}.Debug|x64.Build.0 = Debug|x64
		{477C9646-7E0E-485B-A213-BB865B5C0728}.Debug|x86.ActiveCfg = Debug|Win32
		{477C9646-7E0E-485B-A213-BB865B5C0728}.Debug|x86.Build.0 = Debug|Win32
		{477C9646-7E0E-485B-A213-BB865B5C0728}.Release|x64.ActiveCfg = Release|x64
		{477C9646-7E0E-485B-A213-BB865B5C0728}.Release|x64.Build.0 = Release|x64
		{477C9646-7E0E-485B-A213-BB865B5C0728}.Release|x86.ActiveCfg = Release|Win32
		{477C9646-7E0E-485B-A213-BB865B5C0728}.Release|x86.Build.0 = Release|Win32
	EndGlobalSection
	GlobalSection(SolutionProperties) = preSolution
		HideSolutionNode = FALSE
	EndGlobalSection
	GlobalSection(ExtensibilityGlobals) = postSolution
		SolutionGuid = {7D9DE625-C9A5-492A-8492-24DD5FDFF1B2}
	EndGlobalSection
EndGlobal
