
Microsoft Visual Studio Solution File, Format Version 12.00
# Visual Studio Version 17
VisualStudioVersion = 17.8.34322.80
MinimumVisualStudioVersion = 10.0.40219.1
Project("{8BC9CEB8-8B4A-11D0-8D11-00A0C91BC942}") = "assignment2", "assignment2\assignment2.vcxproj", "{B5CA979D-3918-47C7-9007-D5C52884D111}"
EndProject
Global
	GlobalSection(SolutionConfigurationPlatforms) = preSolution
		Debug|x64 = Debug|x64
		Debug|x86 = Debug|x86
		Release|x64 = Release|x64
		Release|x86 = Release|x86
	EndGlobalSection
	GlobalSection(ProjectConfigurationPlatforms) = postSolution
		{B5CA979D-3918-47C7-9007-D5C52884D111}.Debug|x64.ActiveCfg = Debug|x64
		{B5CA979D-3918-47C7-9007-D5C52884D111}.Debug|x64.Build.0 = Debug|x64
		{B5CA979D-3918-47C7-9007-D5C52884D111}.Debug|x86.ActiveCfg = Debug|Win32
		{B5CA979D-3918-47C7-9007-D5C52884D111}.Debug|x86.Build.0 = Debug|Win32
		{B5CA979D-3918-47C7-9007-D5C52884D111}.Release|x64.ActiveCfg = Release|x64
		{B5CA979D-3918-47C7-9007-D5C52884D111}.Release|x64.Build.0 = Release|x64
		{B5CA979D-3918-47C7-9007-D5C52884D111}.Release|x86.ActiveCfg = Release|Win32
		{B5CA979D-3918-47C7-9007-D5C52884D111}.Release|x86.Build.0 = Release|Win32
	EndGlobalSection
	GlobalSection(SolutionProperties) = preSolution
		HideSolutionNode = FALSE
	EndGlobalSection
	GlobalSection(ExtensibilityGlobals) = postSolution
		SolutionGuid = {18828B90-4D87-45FC-AF92-5C1BB5149440}
	EndGlobalSection
EndGlobal
