<?xml version="1.0" encoding="utf-8"?>
<Project ToolsVersion="4.0" xmlns="http://schemas.microsoft.com/developer/msbuild/2003">
  <ItemGroup>
    <Filter Include="源文件">
      <UniqueIdentifier>{4FC737F1-C7A5-4376-A066-2A32D752A2FF}</UniqueIdentifier>
      <Extensions>cpp;c;cc;cxx;c++;cppm;ixx;def;odl;idl;hpj;bat;asm;asmx</Extensions>
    </Filter>
    <Filter Include="头文件">
      <UniqueIdentifier>{93995380-89BD-4b04-88EB-625FBE52EBFB}</UniqueIdentifier>
      <Extensions>h;hh;hpp;hxx;h++;hm;inl;inc;ipp;xsd</Extensions>
    </Filter>
    <Filter Include="资源文件">
      <UniqueIdentifier>{67DA6AB6-F800-4c08-8B7A-83BB121AAD01}</UniqueIdentifier>
      <Extensions>rc;ico;cur;bmp;dlg;rc2;rct;bin;rgs;gif;jpg;jpeg;jpe;resx;tiff;tif;png;wav;mfcribbon-ms</Extensions>
    </Filter>
    <Filter Include="imgui_impl">
      <UniqueIdentifier>{942c1522-6e3b-43fa-876d-4445dc722456}</UniqueIdentifier>
    </Filter>
    <Filter Include="app">
      <UniqueIdentifier>{68758c5b-5ba0-4451-b14b-c6f42f467b0d}</UniqueIdentifier>
    </Filter>
    <Filter Include="engine">
      <UniqueIdentifier>{53d5a105-b701-478e-aade-07205bb9a1db}</UniqueIdentifier>
    </Filter>
    <Filter Include="imgui">
      <UniqueIdentifier>{2d74cc0a-c564-498e-af21-d164644176f0}</UniqueIdentifier>
    </Filter>
  </ItemGroup>
  <ItemGroup>
    <ClCompile Include="main.cpp">
      <Filter>源文件</Filter>
    </ClCompile>
    <ClCompile Include="..\3rdparty\imgui\imgui.cpp">
      <Filter>imgui</Filter>
    </ClCompile>
    <ClCompile Include="..\3rdparty\imgui\imgui_demo.cpp">
      <Filter>imgui</Filter>
    </ClCompile>
    <ClCompile Include="..\3rdparty\imgui\imgui_draw.cpp">
      <Filter>imgui</Filter>
    </ClCompile>
    <ClCompile Include="..\3rdparty\imgui\imgui_tables.cpp">
      <Filter>imgui</Filter>
    </ClCompile>
    <ClCompile Include="..\3rdparty\imgui\imgui_widgets.cpp">
      <Filter>imgui</Filter>
    </ClCompile>
    <ClCompile Include="..\3rdparty\imgui\backends\imgui_impl_glfw.cpp">
      <Filter>imgui_impl</Filter>
    </ClCompile>
    <ClCompile Include="..\3rdparty\imgui\backends\imgui_impl_vulkan.cpp">
      <Filter>imgui_impl</Filter>
    </ClCompile>
    <ClCompile Include="application.cpp">
      <Filter>app</Filter>
    </ClCompile>
    <ClCompile Include="UI.cpp">
      <Filter>app</Filter>
    </ClCompile>
    <ClCompile Include="window.cpp">
      <Filter>app</Filter>
    </ClCompile>
    <ClCompile Include="engine.cpp">
      <Filter>engine</Filter>
    </ClCompile>
    <ClCompile Include="resource.cpp">
      <Filter>engine</Filter>
    </ClCompile>
  </ItemGroup>
  <ItemGroup>
    <ClInclude Include="shader.h">
      <Filter>头文件</Filter>
    </ClInclude>
    <ClInclude Include="..\3rdparty\imgui\imconfig.h">
      <Filter>imgui</Filter>
    </ClInclude>
    <ClInclude Include="..\3rdparty\imgui\imgui.h">
      <Filter>imgui</Filter>
    </ClInclude>
    <ClInclude Include="..\3rdparty\imgui\imgui_internal.h">
      <Filter>imgui</Filter>
    </ClInclude>
    <ClInclude Include="..\3rdparty\imgui\imstb_rectpack.h">
      <Filter>imgui</Filter>
    </ClInclude>
    <ClInclude Include="..\3rdparty\imgui\imstb_textedit.h">
      <Filter>imgui</Filter>
    </ClInclude>
    <ClInclude Include="..\3rdparty\imgui\imstb_truetype.h">
      <Filter>imgui</Filter>
    </ClInclude>
    <ClInclude Include="..\3rdparty\imgui\backends\imgui_impl_glfw.h">
      <Filter>imgui_impl</Filter>
    </ClInclude>
    <ClInclude Include="..\3rdparty\imgui\backends\imgui_impl_vulkan.h">
      <Filter>imgui_impl</Filter>
    </ClInclude>
    <ClInclude Include="camera.h">
      <Filter>头文件</Filter>
    </ClInclude>
    <ClInclude Include="application.h">
      <Filter>app</Filter>
    </ClInclude>
    <ClInclude Include="UI.h">
      <Filter>app</Filter>
    </ClInclude>
    <ClInclude Include="window.h">
      <Filter>app</Filter>
    </ClInclude>
    <ClInclude Include="engine.h">
      <Filter>engine</Filter>
    </ClInclude>
    <ClInclude Include="utils.h">
      <Filter>app</Filter>
    </ClInclude>
    <ClInclude Include="resource.h">
      <Filter>engine</Filter>
    </ClInclude>
    <ClInclude Include="config.h">
      <Filter>app</Filter>
    </ClInclude>
    <ClInclude Include="ecs.h">
      <Filter>app</Filter>
    </ClInclude>
    <ClInclude Include="pool.h">
      <Filter>engine</Filter>
    </ClInclude>
  </ItemGroup>
</Project>