<?xml version="1.0" encoding="utf-8"?>
<Project ToolsVersion="4.0" xmlns="http://schemas.microsoft.com/developer/msbuild/2003">
  <ItemGroup>
    <Filter Include="源文件">
      <UniqueIdentifier>{4FC737F1-C7A5-4376-A066-2A32D752A2FF}</UniqueIdentifier>
      <Extensions>cpp;c;cc;cxx;c++;cppm;ixx;def;odl;idl;hpj;bat;asm;asmx</Extensions>
    </Filter>
    <Filter Include="头文件">
      <UniqueIdentifier>{93995380-89BD-4b04-88EB-625FBE52EBFB}</UniqueIdentifier>
      <Extensions>h;hh;hpp;hxx;h++;hm;inl;inc;ipp;xsd</Extensions>
    </Filter>
    <Filter Include="资源文件">
      <UniqueIdentifier>{67DA6AB6-F800-4c08-8B7A-83BB121AAD01}</UniqueIdentifier>
      <Extensions>rc;ico;cur;bmp;dlg;rc2;rct;bin;rgs;gif;jpg;jpeg;jpe;resx;tiff;tif;png;wav;mfcribbon-ms</Extensions>
    </Filter>
    <Filter Include="源文件\Shader">
      <UniqueIdentifier>{636a7fe1-f036-4575-b38e-66dce9329f44}</UniqueIdentifier>
    </Filter>
    <Filter Include="源文件\Source">
      <UniqueIdentifier>{a6321778-576e-426e-8932-1e8fa429da67}</UniqueIdentifier>
    </Filter>
  </ItemGroup>
  <ItemGroup>
    <ClCompile Include="main.cpp">
      <Filter>源文件</Filter>
    </ClCompile>
    <ClCompile Include="glad.c">
      <Filter>源文件</Filter>
    </ClCompile>
  </ItemGroup>
  <ItemGroup>
    <ClInclude Include="Camera.hpp">
      <Filter>源文件\Source</Filter>
    </ClInclude>
    <ClInclude Include="Mesh.hpp">
      <Filter>源文件\Source</Filter>
    </ClInclude>
    <ClInclude Include="Model.hpp">
      <Filter>源文件\Source</Filter>
    </ClInclude>
    <ClInclude Include="Shader.hpp">
      <Filter>源文件\Source</Filter>
    </ClInclude>
  </ItemGroup>
  <ItemGroup>
    <None Include="shader\fragShader.frag">
      <Filter>源文件\Shader</Filter>
    </None>
    <None Include="shader\vertexShader.vert">
      <Filter>源文件\Shader</Filter>
    </None>
  </ItemGroup>
</Project>